
Microsoft Visual Studio Solution File, Format Version 12.00
# Visual Studio Version 17
VisualStudioVersion = 17.3.32922.545
MinimumVisualStudioVersion = 10.0.40219.1
Project("{FAE04EC0-301F-11D3-BF4B-00C04F79EFBC}") = "Pathshala", "Pathshala\Pathshala.csproj", "{E1AFBB61-1DD4-4CB2-81EA-87B8397A9555}"
EndProject
Global
	GlobalSection(SolutionConfigurationPlatforms) = preSolution
		Debug|Any CPU = Debug|Any CPU
		Release|Any CPU = Release|Any CPU
	EndGlobalSection
	GlobalSection(ProjectConfigurationPlatforms) = postSolution
		{E1AFBB61-1DD4-4CB2-81EA-87B8397A9555}.Debug|Any CPU.ActiveCfg = Debug|Any CPU
		{E1AFBB61-1DD4-4CB2-81EA-87B8397A9555}.Debug|Any CPU.Build.0 = Debug|Any CPU
		{E1AFBB61-1DD4-4CB2-81EA-87B8397A9555}.Release|Any CPU.ActiveCfg = Release|Any CPU
		{E1AFBB61-1DD4-4CB2-81EA-87B8397A9555}.Release|Any CPU.Build.0 = Release|Any CPU
	EndGlobalSection
	GlobalSection(SolutionProperties) = preSolution
		HideSolutionNode = FALSE
	EndGlobalSection
	GlobalSection(ExtensibilityGlobals) = postSolution
		SolutionGuid = {FD8F9180-F5F1-4B04-A9CB-BC81CFA980F8}
	EndGlobalSection
EndGlobal
